// !$*UTF8*$!
{
	archiveVersion = 1;
	classes = {
	};
	objectVersion = 55;
	objects = {

/* Begin PBXBuildFile section */
		2D4B023626725E6200CBF1DD /* AppDelegate.swift in Sources */ = {isa = PBXBuildFile; fileRef = 2D4B023526725E6200CBF1DD /* AppDelegate.swift */; };
		2D4B023A26725E6200CBF1DD /* ViewController.swift in Sources */ = {isa = PBXBuildFile; fileRef = 2D4B023926725E6200CBF1DD /* ViewController.swift */; };
		2D4B023F26725E6300CBF1DD /* Assets.xcassets in Resources */ = {isa = PBXBuildFile; fileRef = 2D4B023E26725E6300CBF1DD /* Assets.xcassets */; };
		2D4B024226725E6300CBF1DD /* LaunchScreen.storyboard in Resources */ = {isa = PBXBuildFile; fileRef = 2D4B024026725E6300CBF1DD /* LaunchScreen.storyboard */; };
		2D4B024A2672617400CBF1DD /* GroupDrawActivity.swift in Sources */ = {isa = PBXBuildFile; fileRef = 2D4B02492672617400CBF1DD /* GroupDrawActivity.swift */; };
		2D4B024C2672631400CBF1DD /* GroupDrawMessageType.swift in Sources */ = {isa = PBXBuildFile; fileRef = 2D4B024B2672631400CBF1DD /* GroupDrawMessageType.swift */; };
		2D4B025526735DA500CBF1DD /* GroupDrawCanvas.swift in Sources */ = {isa = PBXBuildFile; fileRef = 2D4B025426735DA500CBF1DD /* GroupDrawCanvas.swift */; };
/* End PBXBuildFile section */

/* Begin PBXFileReference section */
		2D4B023226725E6200CBF1DD /* GroupDraw.app */ = {isa = PBXFileReference; explicitFileType = wrapper.application; includeInIndex = 0; path = GroupDraw.app; sourceTree = BUILT_PRODUCTS_DIR; };
		2D4B023526725E6200CBF1DD /* AppDelegate.swift */ = {isa = PBXFileReference; lastKnownFileType = sourcecode.swift; path = AppDelegate.swift; sourceTree = "<group>"; };
		2D4B023926725E6200CBF1DD /* ViewController.swift */ = {isa = PBXFileReference; lastKnownFileType = sourcecode.swift; path = ViewController.swift; sourceTree = "<group>"; };
		2D4B023E26725E6300CBF1DD /* Assets.xcassets */ = {isa = PBXFileReference; lastKnownFileType = folder.assetcatalog; path = Assets.xcassets; sourceTree = "<group>"; };
		2D4B024126725E6300CBF1DD /* Base */ = {isa = PBXFileReference; lastKnownFileType = file.storyboard; name = Base; path = Base.lproj/LaunchScreen.storyboard; sourceTree = "<group>"; };
		2D4B024326725E6300CBF1DD /* Info.plist */ = {isa = PBXFileReference; lastKnownFileType = text.plist.xml; path = Info.plist; sourceTree = "<group>"; };
		2D4B02492672617400CBF1DD /* GroupDrawActivity.swift */ = {isa = PBXFileReference; lastKnownFileType = sourcecode.swift; path = GroupDrawActivity.swift; sourceTree = "<group>"; };
		2D4B024B2672631400CBF1DD /* GroupDrawMessageType.swift */ = {isa = PBXFileReference; lastKnownFileType = sourcecode.swift; path = GroupDrawMessageType.swift; sourceTree = "<group>"; };
		2D4B024D2672733100CBF1DD /* GroupDraw.entitlements */ = {isa = PBXFileReference; lastKnownFileType = text.plist.entitlements; path = GroupDraw.entitlements; sourceTree = "<group>"; };
		2D4B025426735DA500CBF1DD /* GroupDrawCanvas.swift */ = {isa = PBXFileReference; lastKnownFileType = sourcecode.swift; path = GroupDrawCanvas.swift; sourceTree = "<group>"; };
		2D546576267B6CA1001A7061 /* README.md */ = {isa = PBXFileReference; lastKnownFileType = net.daringfireball.markdown; path = README.md; sourceTree = "<group>"; };
/* End PBXFileReference section */

/* Begin PBXFrameworksBuildPhase section */
		2D4B022F26725E6200CBF1DD /* Frameworks */ = {
			isa = PBXFrameworksBuildPhase;
			buildActionMask = 2147483647;
			files = (
			);
			runOnlyForDeploymentPostprocessing = 0;
		};
/* End PBXFrameworksBuildPhase section */

/* Begin PBXGroup section */
		2D4B022926725E6200CBF1DD = {
			isa = PBXGroup;
			children = (
				2D4B023426725E6200CBF1DD /* GroupDraw */,
				2D4B023326725E6200CBF1DD /* Products */,
			);
			sourceTree = "<group>";
		};
		2D4B023326725E6200CBF1DD /* Products */ = {
			isa = PBXGroup;
			children = (
				2D4B023226725E6200CBF1DD /* GroupDraw.app */,
			);
			name = Products;
			sourceTree = "<group>";
		};
		2D4B023426725E6200CBF1DD /* GroupDraw */ = {
			isa = PBXGroup;
			children = (
				2D546574267B6AD7001A7061 /* Classes */,
				2D4B024D2672733100CBF1DD /* GroupDraw.entitlements */,
				2D4B023E26725E6300CBF1DD /* Assets.xcassets */,
				2D4B024026725E6300CBF1DD /* LaunchScreen.storyboard */,
				2D4B024326725E6300CBF1DD /* Info.plist */,
				2D546576267B6CA1001A7061 /* README.md */,
			);
			path = GroupDraw;
			sourceTree = "<group>";
		};
		2D546574267B6AD7001A7061 /* Classes */ = {
			isa = PBXGroup;
			children = (
				2D546575267B6B2C001A7061 /* Models */,
				2D4B023526725E6200CBF1DD /* AppDelegate.swift */,
				2D4B023926725E6200CBF1DD /* ViewController.swift */,
			);
			path = Classes;
			sourceTree = "<group>";
		};
		2D546575267B6B2C001A7061 /* Models */ = {
			isa = PBXGroup;
			children = (
				2D4B02492672617400CBF1DD /* GroupDrawActivity.swift */,
				2D4B025426735DA500CBF1DD /* GroupDrawCanvas.swift */,
				2D4B024B2672631400CBF1DD /* GroupDrawMessageType.swift */,
			);
			path = Models;
			sourceTree = "<group>";
		};
/* End PBXGroup section */

/* Begin PBXNativeTarget section */
		2D4B023126725E6200CBF1DD /* GroupDraw */ = {
			isa = PBXNativeTarget;
			buildConfigurationList = 2D4B024626725E6300CBF1DD /* Build configuration list for PBXNativeTarget "GroupDraw" */;
			buildPhases = (
				2D4B022E26725E6200CBF1DD /* Sources */,
				2D4B022F26725E6200CBF1DD /* Frameworks */,
				2D4B023026725E6200CBF1DD /* Resources */,
			);
			buildRules = (
			);
			dependencies = (
			);
			name = GroupDraw;
			productName = GroupDraw;
			productReference = 2D4B023226725E6200CBF1DD /* GroupDraw.app */;
			productType = "com.apple.product-type.application";
		};
/* End PBXNativeTarget section */

/* Begin PBXProject section */
		2D4B022A26725E6200CBF1DD /* Project object */ = {
			isa = PBXProject;
			attributes = {
				BuildIndependentTargetsInParallel = 1;
				LastSwiftUpdateCheck = 1300;
				LastUpgradeCheck = 1300;
				TargetAttributes = {
					2D4B023126725E6200CBF1DD = {
						CreatedOnToolsVersion = 13.0;
					};
				};
			};
			buildConfigurationList = 2D4B022D26725E6200CBF1DD /* Build configuration list for PBXProject "GroupDraw" */;
			compatibilityVersion = "Xcode 13.0";
			developmentRegion = en;
			hasScannedForEncodings = 0;
			knownRegions = (
				en,
				Base,
			);
			mainGroup = 2D4B022926725E6200CBF1DD;
			productRefGroup = 2D4B023326725E6200CBF1DD /* Products */;
			projectDirPath = "";
			projectRoot = "";
			targets = (
				2D4B023126725E6200CBF1DD /* GroupDraw */,
			);
		};
/* End PBXProject section */

/* Begin PBXResourcesBuildPhase section */
		2D4B023026725E6200CBF1DD /* Resources */ = {
			isa = PBXResourcesBuildPhase;
			buildActionMask = 2147483647;
			files = (
				2D4B024226725E6300CBF1DD /* LaunchScreen.storyboard in Resources */,
				2D4B023F26725E6300CBF1DD /* Assets.xcassets in Resources */,
			);
			runOnlyForDeploymentPostprocessing = 0;
		};
/* End PBXResourcesBuildPhase section */

/* Begin PBXSourcesBuildPhase section */
		2D4B022E26725E6200CBF1DD /* Sources */ = {
			isa = PBXSourcesBuildPhase;
			buildActionMask = 2147483647;
			files = (
				2D4B024C2672631400CBF1DD /* GroupDrawMessageType.swift in Sources */,
				2D4B025526735DA500CBF1DD /* GroupDrawCanvas.swift in Sources */,
				2D4B023A26725E6200CBF1DD /* ViewController.swift in Sources */,
				2D4B024A2672617400CBF1DD /* GroupDrawActivity.swift in Sources */,
				2D4B023626725E6200CBF1DD /* AppDelegate.swift in Sources */,
			);
			runOnlyForDeploymentPostprocessing = 0;
		};
/* End PBXSourcesBuildPhase section */

/* Begin PBXVariantGroup section */
		2D4B024026725E6300CBF1DD /* LaunchScreen.storyboard */ = {
			isa = PBXVariantGroup;
			children = (
				2D4B024126725E6300CBF1DD /* Base */,
			);
			name = LaunchScreen.storyboard;
			sourceTree = "<group>";
		};
/* End PBXVariantGroup section */

/* Begin XCBuildConfiguration section */
		2D4B024426725E6300CBF1DD /* Debug */ = {
			isa = XCBuildConfiguration;
			buildSettings = {
				ALWAYS_SEARCH_USER_PATHS = NO;
				CLANG_ANALYZER_NONNULL = YES;
				CLANG_ANALYZER_NUMBER_OBJECT_CONVERSION = YES_AGGRESSIVE;
				CLANG_CXX_LANGUAGE_STANDARD = "gnu++14";
				CLANG_CXX_LIBRARY = "libc++";
				CLANG_ENABLE_MODULES = YES;
				CLANG_ENABLE_OBJC_ARC = YES;
				CLANG_ENABLE_OBJC_WEAK = YES;
				CLANG_WARN_BLOCK_CAPTURE_AUTORELEASING = YES;
				CLANG_WARN_BOOL_CONVERSION = YES;
				CLANG_WARN_COMMA = YES;
				CLANG_WARN_CONSTANT_CONVERSION = YES;
				CLANG_WARN_DEPRECATED_OBJC_IMPLEMENTATIONS = YES;
				CLANG_WARN_DIRECT_OBJC_ISA_USAGE = YES_ERROR;
				CLANG_WARN_DOCUMENTATION_COMMENTS = YES;
				CLANG_WARN_EMPTY_BODY = YES;
				CLANG_WARN_ENUM_CONVERSION = YES;
				CLANG_WARN_INFINITE_RECURSION = YES;
				CLANG_WARN_INT_CONVERSION = YES;
				CLANG_WARN_NON_LITERAL_NULL_CONVERSION = YES;
				CLANG_WARN_OBJC_IMPLICIT_RETAIN_SELF = YES;
				CLANG_WARN_OBJC_LITERAL_CONVERSION = YES;
				CLANG_WARN_OBJC_ROOT_CLASS = YES_ERROR;
				CLANG_WARN_QUOTED_INCLUDE_IN_FRAMEWORK_HEADER = YES;
				CLANG_WARN_RANGE_LOOP_ANALYSIS = YES;
				CLANG_WARN_STRICT_PROTOTYPES = YES;
				CLANG_WARN_SUSPICIOUS_MOVE = YES;
				CLANG_WARN_UNGUARDED_AVAILABILITY = YES_AGGRESSIVE;
				CLANG_WARN_UNREACHABLE_CODE = YES;
				CLANG_WARN__DUPLICATE_METHOD_MATCH = YES;
				COPY_PHASE_STRIP = NO;
				DEBUG_INFORMATION_FORMAT = dwarf;
				ENABLE_STRICT_OBJC_MSGSEND = YES;
				ENABLE_TESTABILITY = YES;
				GCC_C_LANGUAGE_STANDARD = gnu11;
				GCC_DYNAMIC_NO_PIC = NO;
				GCC_NO_COMMON_BLOCKS = YES;
				GCC_OPTIMIZATION_LEVEL = 0;
				GCC_PREPROCESSOR_DEFINITIONS = (
					"DEBUG=1",
					"$(inherited)",
				);
				GCC_WARN_64_TO_32_BIT_CONVERSION = YES;
				GCC_WARN_ABOUT_RETURN_TYPE = YES_ERROR;
				GCC_WARN_UNDECLARED_SELECTOR = YES;
				GCC_WARN_UNINITIALIZED_AUTOS = YES_AGGRESSIVE;
				GCC_WARN_UNUSED_FUNCTION = YES;
				GCC_WARN_UNUSED_VARIABLE = YES;
				IPHONEOS_DEPLOYMENT_TARGET = 15.0;
				MTL_ENABLE_DEBUG_INFO = INCLUDE_SOURCE;
				MTL_FAST_MATH = YES;
				ONLY_ACTIVE_ARCH = YES;
				SDKROOT = iphoneos;
				SWIFT_ACTIVE_COMPILATION_CONDITIONS = DEBUG;
				SWIFT_OPTIMIZATION_LEVEL = "-Onone";
			};
			name = Debug;
		};
		2D4B024526725E6300CBF1DD /* Release */ = {
			isa = XCBuildConfiguration;
			buildSettings = {
				ALWAYS_SEARCH_USER_PATHS = NO;
				CLANG_ANALYZER_NONNULL = YES;
				CLANG_ANALYZER_NUMBER_OBJECT_CONVERSION = YES_AGGRESSIVE;
				CLANG_CXX_LANGUAGE_STANDARD = "gnu++14";
				CLANG_CXX_LIBRARY = "libc++";
				CLANG_ENABLE_MODULES = YES;
				CLANG_ENABLE_OBJC_ARC = YES;
				CLANG_ENABLE_OBJC_WEAK = YES;
				CLANG_WARN_BLOCK_CAPTURE_AUTORELEASING = YES;
				CLANG_WARN_BOOL_CONVERSION = YES;
				CLANG_WARN_COMMA = YES;
				CLANG_WARN_CONSTANT_CONVERSION = YES;
				CLANG_WARN_DEPRECATED_OBJC_IMPLEMENTATIONS = YES;
				CLANG_WARN_DIRECT_OBJC_ISA_USAGE = YES_ERROR;
				CLANG_WARN_DOCUMENTATION_COMMENTS = YES;
				CLANG_WARN_EMPTY_BODY = YES;
				CLANG_WARN_ENUM_CONVERSION = YES;
				CLANG_WARN_INFINITE_RECURSION = YES;
				CLANG_WARN_INT_CONVERSION = YES;
				CLANG_WARN_NON_LITERAL_NULL_CONVERSION = YES;
				CLANG_WARN_OBJC_IMPLICIT_RETAIN_SELF = YES;
				CLANG_WARN_OBJC_LITERAL_CONVERSION = YES;
				CLANG_WARN_OBJC_ROOT_CLASS = YES_ERROR;
				CLANG_WARN_QUOTED_INCLUDE_IN_FRAMEWORK_HEADER = YES;
				CLANG_WARN_RANGE_LOOP_ANALYSIS = YES;
				CLANG_WARN_STRICT_PROTOTYPES = YES;
				CLANG_WARN_SUSPICIOUS_MOVE = YES;
				CLANG_WARN_UNGUARDED_AVAILABILITY = YES_AGGRESSIVE;
				CLANG_WARN_UNREACHABLE_CODE = YES;
				CLANG_WARN__DUPLICATE_METHOD_MATCH = YES;
				COPY_PHASE_STRIP = NO;
				DEBUG_INFORMATION_FORMAT = "dwarf-with-dsym";
				ENABLE_NS_ASSERTIONS = NO;
				ENABLE_STRICT_OBJC_MSGSEND = YES;
				GCC_C_LANGUAGE_STANDARD = gnu11;
				GCC_NO_COMMON_BLOCKS = YES;
				GCC_WARN_64_TO_32_BIT_CONVERSION = YES;
				GCC_WARN_ABOUT_RETURN_TYPE = YES_ERROR;
				GCC_WARN_UNDECLARED_SELECTOR = YES;
				GCC_WARN_UNINITIALIZED_AUTOS = YES_AGGRESSIVE;
				GCC_WARN_UNUSED_FUNCTION = YES;
				GCC_WARN_UNUSED_VARIABLE = YES;
				IPHONEOS_DEPLOYMENT_TARGET = 15.0;
				MTL_ENABLE_DEBUG_INFO = NO;
				MTL_FAST_MATH = YES;
				SDKROOT = iphoneos;
				SWIFT_COMPILATION_MODE = wholemodule;
				SWIFT_OPTIMIZATION_LEVEL = "-O";
				VALIDATE_PRODUCT = YES;
			};
			name = Release;
		};
		2D4B024726725E6300CBF1DD /* Debug */ = {
			isa = XCBuildConfiguration;
			buildSettings = {
				ASSETCATALOG_COMPILER_APPICON_NAME = AppIcon;
				ASSETCATALOG_COMPILER_GLOBAL_ACCENT_COLOR_NAME = AccentColor;
				CODE_SIGN_ENTITLEMENTS = GroupDraw/GroupDraw.entitlements;
				CODE_SIGN_STYLE = Automatic;
				CURRENT_PROJECT_VERSION = 1;
				DEVELOPMENT_TEAM = LYV7H7NCDF;
				GENERATE_INFOPLIST_FILE = YES;
				INFOPLIST_FILE = GroupDraw/Info.plist;
				INFOPLIST_KEY_CFBundleExecutable = GroupDraw;
				INFOPLIST_KEY_CFBundleName = GroupDraw;
				INFOPLIST_KEY_CFBundleVersion = 4;
				INFOPLIST_KEY_UIApplicationSupportsIndirectInputEvents = YES;
				INFOPLIST_KEY_UILaunchStoryboardName = LaunchScreen;
				INFOPLIST_KEY_UISupportedInterfaceOrientations_iPad = "UIInterfaceOrientationPortrait UIInterfaceOrientationPortraitUpsideDown UIInterfaceOrientationLandscapeLeft UIInterfaceOrientationLandscapeRight";
				INFOPLIST_KEY_UISupportedInterfaceOrientations_iPhone = "UIInterfaceOrientationPortrait UIInterfaceOrientationLandscapeLeft UIInterfaceOrientationLandscapeRight";
				LD_RUNPATH_SEARCH_PATHS = (
					"$(inherited)",
					"@executable_path/Frameworks",
				);
				MARKETING_VERSION = 1.0;
				PRODUCT_BUNDLE_IDENTIFIER = com.ivanmah.demo.GroupDraw;
				PRODUCT_NAME = "$(TARGET_NAME)";
				SWIFT_EMIT_LOC_STRINGS = YES;
				SWIFT_VERSION = 5.0;
				TARGETED_DEVICE_FAMILY = "1,2";
			};
			name = Debug;
		};
		2D4B024826725E6300CBF1DD /* Release */ = {
			isa = XCBuildConfiguration;
			buildSettings = {
				ASSETCATALOG_COMPILER_APPICON_NAME = AppIcon;
				ASSETCATALOG_COMPILER_GLOBAL_ACCENT_COLOR_NAME = AccentColor;
				CODE_SIGN_ENTITLEMENTS = GroupDraw/GroupDraw.entitlements;
				CODE_SIGN_STYLE = Automatic;
				CURRENT_PROJECT_VERSION = 1;
				DEVELOPMENT_TEAM = LYV7H7NCDF;
				GENERATE_INFOPLIST_FILE = YES;
				INFOPLIST_FILE = GroupDraw/Info.plist;
				INFOPLIST_KEY_CFBundleExecutable = GroupDraw;
				INFOPLIST_KEY_CFBundleName = GroupDraw;
				INFOPLIST_KEY_CFBundleVersion = 4;
				INFOPLIST_KEY_UIApplicationSupportsIndirectInputEvents = YES;
				INFOPLIST_KEY_UILaunchStoryboardName = LaunchScreen;
				INFOPLIST_KEY_UISupportedInterfaceOrientations_iPad = "UIInterfaceOrientationPortrait UIInterfaceOrientationPortraitUpsideDown UIInterfaceOrientationLandscapeLeft UIInterfaceOrientationLandscapeRight";
				INFOPLIST_KEY_UISupportedInterfaceOrientations_iPhone = "UIInterfaceOrientationPortrait UIInterfaceOrientationLandscapeLeft UIInterfaceOrientationLandscapeRight";
				LD_RUNPATH_SEARCH_PATHS = (
					"$(inherited)",
					"@executable_path/Frameworks",
				);
				MARKETING_VERSION = 1.0;
				PRODUCT_BUNDLE_IDENTIFIER = com.ivanmah.demo.GroupDraw;
				PRODUCT_NAME = "$(TARGET_NAME)";
				SWIFT_EMIT_LOC_STRINGS = YES;
				SWIFT_VERSION = 5.0;
				TARGETED_DEVICE_FAMILY = "1,2";
			};
			name = Release;
		};
/* End XCBuildConfiguration section */

/* Begin XCConfigurationList section */
		2D4B022D26725E6200CBF1DD /* Build configuration list for PBXProject "GroupDraw" */ = {
			isa = XCConfigurationList;
			buildConfigurations = (
				2D4B024426725E6300CBF1DD /* Debug */,
				2D4B024526725E6300CBF1DD /* Release */,
			);
			defaultConfigurationIsVisible = 0;
			defaultConfigurationName = Release;
		};
		2D4B024626725E6300CBF1DD /* Build configuration list for PBXNativeTarget "GroupDraw" */ = {
			isa = XCConfigurationList;
			buildConfigurations = (
				2D4B024726725E6300CBF1DD /* Debug */,
				2D4B024826725E6300CBF1DD /* Release */,
			);
			defaultConfigurationIsVisible = 0;
			defaultConfigurationName = Release;
		};
/* End XCConfigurationList section */
	};
	rootObject = 2D4B022A26725E6200CBF1DD /* Project object */;
}
